
Microsoft Visual Studio Solution File, Format Version 12.00
# Visual Studio Version 17
VisualStudioVersion = 17.8.34330.188
MinimumVisualStudioVersion = 10.0.40219.1
Project("{FAE04EC0-301F-11D3-BF4B-00C04F79EFBC}") = "CVRecognizingService.API", "CVRecognizingService.API.csproj", "{64D9353A-D09B-4D28-A24D-3BFFD47B12DA}"
EndProject
Project("{FAE04EC0-301F-11D3-BF4B-00C04F79EFBC}") = "CVRecognizingService.Application", "..\CVRecognizingService.Application\CVRecognizingService.Application.csproj", "{BA4823FF-13C3-4257-825A-888AA2C7C38F}"
EndProject
Project("{FAE04EC0-301F-11D3-BF4B-00C04F79EFBC}") = "CVRecognizingService.Domain", "..\CVRecognizingService.Domain\CVRecognizingService.Domain.csproj", "{A7BD23A6-A7E8-433F-AE77-26772A3E4319}"
EndProject
Project("{FAE04EC0-301F-11D3-BF4B-00C04F79EFBC}") = "CVRecognizingService.Infrastructure", "..\CVRecognizingService.Infrastructure\CVRecognizingService.Infrastructure.csproj", "{7ED6E583-118A-4219-A376-36A49B5337D6}"
EndProject
Global
	GlobalSection(SolutionConfigurationPlatforms) = preSolution
		Debug|Any CPU = Debug|Any CPU
		Release|Any CPU = Release|Any CPU
	EndGlobalSection
	GlobalSection(ProjectConfigurationPlatforms) = postSolution
		{64D9353A-D09B-4D28-A24D-3BFFD47B12DA}.Debug|Any CPU.ActiveCfg = Debug|Any CPU
		{64D9353A-D09B-4D28-A24D-3BFFD47B12DA}.Debug|Any CPU.Build.0 = Debug|Any CPU
		{64D9353A-D09B-4D28-A24D-3BFFD47B12DA}.Release|Any CPU.ActiveCfg = Release|Any CPU
		{64D9353A-D09B-4D28-A24D-3BFFD47B12DA}.Release|Any CPU.Build.0 = Release|Any CPU
		{BA4823FF-13C3-4257-825A-888AA2C7C38F}.Debug|Any CPU.ActiveCfg = Debug|Any CPU
		{BA4823FF-13C3-4257-825A-888AA2C7C38F}.Debug|Any CPU.Build.0 = Debug|Any CPU
		{BA4823FF-13C3-4257-825A-888AA2C7C38F}.Release|Any CPU.ActiveCfg = Release|Any CPU
		{BA4823FF-13C3-4257-825A-888AA2C7C38F}.Release|Any CPU.Build.0 = Release|Any CPU
		{A7BD23A6-A7E8-433F-AE77-26772A3E4319}.Debug|Any CPU.ActiveCfg = Debug|Any CPU
		{A7BD23A6-A7E8-433F-AE77-26772A3E4319}.Debug|Any CPU.Build.0 = Debug|Any CPU
		{A7BD23A6-A7E8-433F-AE77-26772A3E4319}.Release|Any CPU.ActiveCfg = Release|Any CPU
		{A7BD23A6-A7E8-433F-AE77-26772A3E4319}.Release|Any CPU.Build.0 = Release|Any CPU
		{7ED6E583-118A-4219-A376-36A49B5337D6}.Debug|Any CPU.ActiveCfg = Debug|Any CPU
		{7ED6E583-118A-4219-A376-36A49B5337D6}.Debug|Any CPU.Build.0 = Debug|Any CPU
		{7ED6E583-118A-4219-A376-36A49B5337D6}.Release|Any CPU.ActiveCfg = Release|Any CPU
		{7ED6E583-118A-4219-A376-36A49B5337D6}.Release|Any CPU.Build.0 = Release|Any CPU
	EndGlobalSection
	GlobalSection(SolutionProperties) = preSolution
		HideSolutionNode = FALSE
	EndGlobalSection
	GlobalSection(ExtensibilityGlobals) = postSolution
		SolutionGuid = {0F1108D7-FF7A-4F22-A48B-0F2C4710A513}
	EndGlobalSection
EndGlobal
