
Microsoft Visual Studio Solution File, Format Version 12.00
# Visual Studio Version 17
VisualStudioVersion = 17.8.34330.188
MinimumVisualStudioVersion = 10.0.40219.1
Project("{9A19103F-16F7-4668-BE54-9A1E7A4F7556}") = "CVRecognizingService.API", "CVRecognizingService.API\CVRecognizingService.API.csproj", "{ED54C6CC-1311-4CB4-9EB2-B94F59F037E6}"
EndProject
Project("{9A19103F-16F7-4668-BE54-9A1E7A4F7556}") = "CVRecognizingService.Application", "CVRecognizingService.Application\CVRecognizingService.Application.csproj", "{07B36713-6C34-4363-94BB-07BAA33D9C5B}"
EndProject
Project("{9A19103F-16F7-4668-BE54-9A1E7A4F7556}") = "CVRecognizingService.Domain", "CVRecognizingService.Domain\CVRecognizingService.Domain.csproj", "{5F0CF20F-DDE9-479C-8B65-B1180D9CC6E6}"
EndProject
Project("{9A19103F-16F7-4668-BE54-9A1E7A4F7556}") = "CVRecognizingService.Infrastructure", "CVRecognizingService.Infrastructure\CVRecognizingService.Infrastructure.csproj", "{B7E86BA5-996F-4EE2-A2F5-7B35738883A3}"
EndProject
Project("{E53339B2-1760-4266-BCC7-CA923CBCF16C}") = "docker-compose", "docker-compose.dcproj", "{E66253D1-12BE-404B-8193-E9C2C33A0F9C}"
EndProject
Project("{FAE04EC0-301F-11D3-BF4B-00C04F79EFBC}") = "CVRecognizingService.Tests", "CVRecognizingService.Tests\CVRecognizingService.Tests.csproj", "{27218AD5-69C2-42DB-8D2F-8FB669043C2E}"
EndProject
Global
	GlobalSection(SolutionConfigurationPlatforms) = preSolution
		Debug|Any CPU = Debug|Any CPU
		Release|Any CPU = Release|Any CPU
	EndGlobalSection
	GlobalSection(ProjectConfigurationPlatforms) = postSolution
		{ED54C6CC-1311-4CB4-9EB2-B94F59F037E6}.Debug|Any CPU.ActiveCfg = Debug|Any CPU
		{ED54C6CC-1311-4CB4-9EB2-B94F59F037E6}.Debug|Any CPU.Build.0 = Debug|Any CPU
		{ED54C6CC-1311-4CB4-9EB2-B94F59F037E6}.Release|Any CPU.ActiveCfg = Release|Any CPU
		{ED54C6CC-1311-4CB4-9EB2-B94F59F037E6}.Release|Any CPU.Build.0 = Release|Any CPU
		{07B36713-6C34-4363-94BB-07BAA33D9C5B}.Debug|Any CPU.ActiveCfg = Debug|Any CPU
		{07B36713-6C34-4363-94BB-07BAA33D9C5B}.Debug|Any CPU.Build.0 = Debug|Any CPU
		{07B36713-6C34-4363-94BB-07BAA33D9C5B}.Release|Any CPU.ActiveCfg = Release|Any CPU
		{07B36713-6C34-4363-94BB-07BAA33D9C5B}.Release|Any CPU.Build.0 = Release|Any CPU
		{5F0CF20F-DDE9-479C-8B65-B1180D9CC6E6}.Debug|Any CPU.ActiveCfg = Debug|Any CPU
		{5F0CF20F-DDE9-479C-8B65-B1180D9CC6E6}.Debug|Any CPU.Build.0 = Debug|Any CPU
		{5F0CF20F-DDE9-479C-8B65-B1180D9CC6E6}.Release|Any CPU.ActiveCfg = Release|Any CPU
		{5F0CF20F-DDE9-479C-8B65-B1180D9CC6E6}.Release|Any CPU.Build.0 = Release|Any CPU
		{B7E86BA5-996F-4EE2-A2F5-7B35738883A3}.Debug|Any CPU.ActiveCfg = Debug|Any CPU
		{B7E86BA5-996F-4EE2-A2F5-7B35738883A3}.Debug|Any CPU.Build.0 = Debug|Any CPU
		{B7E86BA5-996F-4EE2-A2F5-7B35738883A3}.Release|Any CPU.ActiveCfg = Release|Any CPU
		{B7E86BA5-996F-4EE2-A2F5-7B35738883A3}.Release|Any CPU.Build.0 = Release|Any CPU
		{E66253D1-12BE-404B-8193-E9C2C33A0F9C}.Debug|Any CPU.ActiveCfg = Debug|Any CPU
		{E66253D1-12BE-404B-8193-E9C2C33A0F9C}.Debug|Any CPU.Build.0 = Debug|Any CPU
		{E66253D1-12BE-404B-8193-E9C2C33A0F9C}.Release|Any CPU.ActiveCfg = Release|Any CPU
		{E66253D1-12BE-404B-8193-E9C2C33A0F9C}.Release|Any CPU.Build.0 = Release|Any CPU
		{27218AD5-69C2-42DB-8D2F-8FB669043C2E}.Debug|Any CPU.ActiveCfg = Debug|Any CPU
		{27218AD5-69C2-42DB-8D2F-8FB669043C2E}.Debug|Any CPU.Build.0 = Debug|Any CPU
		{27218AD5-69C2-42DB-8D2F-8FB669043C2E}.Release|Any CPU.ActiveCfg = Release|Any CPU
		{27218AD5-69C2-42DB-8D2F-8FB669043C2E}.Release|Any CPU.Build.0 = Release|Any CPU
	EndGlobalSection
	GlobalSection(SolutionProperties) = preSolution
		HideSolutionNode = FALSE
	EndGlobalSection
	GlobalSection(ExtensibilityGlobals) = postSolution
		SolutionGuid = {21A61283-CED9-4B02-9E14-86321AF54904}
	EndGlobalSection
EndGlobal
